
Microsoft Visual Studio Solution File, Format Version 12.00
# Visual Studio 15
VisualStudioVersion = 15.0.28307.271
MinimumVisualStudioVersion = 10.0.40219.1
Project("{FAE04EC0-301F-11D3-BF4B-00C04F79EFBC}") = "WindowsFormsApp1", "WindowsFormsApp1\WindowsFormsApp1.csproj", "{7086E912-13A8-46D7-8653-23586FC03FD4}"
EndProject
Global
	GlobalSection(SolutionConfigurationPlatforms) = preSolution
		Debug|Any CPU = Debug|Any CPU
		Release|Any CPU = Release|Any CPU
	EndGlobalSection
	GlobalSection(ProjectConfigurationPlatforms) = postSolution
		{7086E912-13A8-46D7-8653-23586FC03FD4}.Debug|Any CPU.ActiveCfg = Debug|Any CPU
		{7086E912-13A8-46D7-8653-23586FC03FD4}.Debug|Any CPU.Build.0 = Debug|Any CPU
		{7086E912-13A8-46D7-8653-23586FC03FD4}.Release|Any CPU.ActiveCfg = Release|Any CPU
		{7086E912-13A8-46D7-8653-23586FC03FD4}.Release|Any CPU.Build.0 = Release|Any CPU
	EndGlobalSection
	GlobalSection(SolutionProperties) = preSolution
		HideSolutionNode = FALSE
	EndGlobalSection
	GlobalSection(ExtensibilityGlobals) = postSolution
		SolutionGuid = {2368A060-9A32-4074-8DBE-5BDEE70A961E}
	EndGlobalSection
EndGlobal
